// !$*UTF8*$!
{
	archiveVersion = 1;
	classes = {
	};
	objectVersion = 46;
	objects = {

/* Begin PBXBuildFile section */
		0A97E21619DDA1F9000DBEF9 /* AppDelegate.swift in Sources */ = {isa = PBXBuildFile; fileRef = 0A97E21519DDA1F9000DBEF9 /* AppDelegate.swift */; };
		0A97E21819DDA1F9000DBEF9 /* ViewController.swift in Sources */ = {isa = PBXBuildFile; fileRef = 0A97E21719DDA1F9000DBEF9 /* ViewController.swift */; };
		0A97E21B19DDA1F9000DBEF9 /* Main.storyboard in Resources */ = {isa = PBXBuildFile; fileRef = 0A97E21919DDA1F9000DBEF9 /* Main.storyboard */; };
		0A97E21D19DDA1F9000DBEF9 /* Images.xcassets in Resources */ = {isa = PBXBuildFile; fileRef = 0A97E21C19DDA1F9000DBEF9 /* Images.xcassets */; };
		0A97E22019DDA1F9000DBEF9 /* LaunchScreen.xib in Resources */ = {isa = PBXBuildFile; fileRef = 0A97E21E19DDA1F9000DBEF9 /* LaunchScreen.xib */; };
		0A97E22C19DDA1F9000DBEF9 /* ShoeConverterTests.swift in Sources */ = {isa = PBXBuildFile; fileRef = 0A97E22B19DDA1F9000DBEF9 /* ShoeConverterTests.swift */; };
/* End PBXBuildFile section */

/* Begin PBXContainerItemProxy section */
		0A97E22619DDA1F9000DBEF9 /* PBXContainerItemProxy */ = {
			isa = PBXContainerItemProxy;
			containerPortal = 0A97E20819DDA1F9000DBEF9 /* Project object */;
			proxyType = 1;
			remoteGlobalIDString = 0A97E20F19DDA1F9000DBEF9;
			remoteInfo = ShoeConverter;
		};
/* End PBXContainerItemProxy section */

/* Begin PBXFileReference section */
		0A97E21019DDA1F9000DBEF9 /* ShoeConverter.app */ = {isa = PBXFileReference; explicitFileType = wrapper.application; includeInIndex = 0; path = ShoeConverter.app; sourceTree = BUILT_PRODUCTS_DIR; };
		0A97E21419DDA1F9000DBEF9 /* Info.plist */ = {isa = PBXFileReference; lastKnownFileType = text.plist.xml; path = Info.plist; sourceTree = "<group>"; };
		0A97E21519DDA1F9000DBEF9 /* AppDelegate.swift */ = {isa = PBXFileReference; lastKnownFileType = sourcecode.swift; path = AppDelegate.swift; sourceTree = "<group>"; };
		0A97E21719DDA1F9000DBEF9 /* ViewController.swift */ = {isa = PBXFileReference; lastKnownFileType = sourcecode.swift; path = ViewController.swift; sourceTree = "<group>"; };
		0A97E21A19DDA1F9000DBEF9 /* Base */ = {isa = PBXFileReference; lastKnownFileType = file.storyboard; name = Base; path = Base.lproj/Main.storyboard; sourceTree = "<group>"; };
		0A97E21C19DDA1F9000DBEF9 /* Images.xcassets */ = {isa = PBXFileReference; lastKnownFileType = folder.assetcatalog; path = Images.xcassets; sourceTree = "<group>"; };
		0A97E21F19DDA1F9000DBEF9 /* Base */ = {isa = PBXFileReference; lastKnownFileType = file.xib; name = Base; path = Base.lproj/LaunchScreen.xib; sourceTree = "<group>"; };
		0A97E22519DDA1F9000DBEF9 /* ShoeConverterTests.xctest */ = {isa = PBXFileReference; explicitFileType = wrapper.cfbundle; includeInIndex = 0; path = ShoeConverterTests.xctest; sourceTree = BUILT_PRODUCTS_DIR; };
		0A97E22A19DDA1F9000DBEF9 /* Info.plist */ = {isa = PBXFileReference; lastKnownFileType = text.plist.xml; path = Info.plist; sourceTree = "<group>"; };
		0A97E22B19DDA1F9000DBEF9 /* ShoeConverterTests.swift */ = {isa = PBXFileReference; lastKnownFileType = sourcecode.swift; path = ShoeConverterTests.swift; sourceTree = "<group>"; };
/* End PBXFileReference section */

/* Begin PBXFrameworksBuildPhase section */
		0A97E20D19DDA1F9000DBEF9 /* Frameworks */ = {
			isa = PBXFrameworksBuildPhase;
			buildActionMask = 2147483647;
			files = (
			);
			runOnlyForDeploymentPostprocessing = 0;
		};
		0A97E22219DDA1F9000DBEF9 /* Frameworks */ = {
			isa = PBXFrameworksBuildPhase;
			buildActionMask = 2147483647;
			files = (
			);
			runOnlyForDeploymentPostprocessing = 0;
		};
/* End PBXFrameworksBuildPhase section */

/* Begin PBXGroup section */
		0A97E20719DDA1F9000DBEF9 = {
			isa = PBXGroup;
			children = (
				0A97E21219DDA1F9000DBEF9 /* ShoeConverter */,
				0A97E22819DDA1F9000DBEF9 /* ShoeConverterTests */,
				0A97E21119DDA1F9000DBEF9 /* Products */,
			);
			sourceTree = "<group>";
		};
		0A97E21119DDA1F9000DBEF9 /* Products */ = {
			isa = PBXGroup;
			children = (
				0A97E21019DDA1F9000DBEF9 /* ShoeConverter.app */,
				0A97E22519DDA1F9000DBEF9 /* ShoeConverterTests.xctest */,
			);
			name = Products;
			sourceTree = "<group>";
		};
		0A97E21219DDA1F9000DBEF9 /* ShoeConverter */ = {
			isa = PBXGroup;
			children = (
				0A97E21519DDA1F9000DBEF9 /* AppDelegate.swift */,
				0A97E21719DDA1F9000DBEF9 /* ViewController.swift */,
				0A97E21919DDA1F9000DBEF9 /* Main.storyboard */,
				0A97E21C19DDA1F9000DBEF9 /* Images.xcassets */,
				0A97E21E19DDA1F9000DBEF9 /* LaunchScreen.xib */,
				0A97E21319DDA1F9000DBEF9 /* Supporting Files */,
			);
			path = ShoeConverter;
			sourceTree = "<group>";
		};
		0A97E21319DDA1F9000DBEF9 /* Supporting Files */ = {
			isa = PBXGroup;
			children = (
				0A97E21419DDA1F9000DBEF9 /* Info.plist */,
			);
			name = "Supporting Files";
			sourceTree = "<group>";
		};
		0A97E22819DDA1F9000DBEF9 /* ShoeConverterTests */ = {
			isa = PBXGroup;
			children = (
				0A97E22B19DDA1F9000DBEF9 /* ShoeConverterTests.swift */,
				0A97E22919DDA1F9000DBEF9 /* Supporting Files */,
			);
			path = ShoeConverterTests;
			sourceTree = "<group>";
		};
		0A97E22919DDA1F9000DBEF9 /* Supporting Files */ = {
			isa = PBXGroup;
			children = (
				0A97E22A19DDA1F9000DBEF9 /* Info.plist */,
			);
			name = "Supporting Files";
			sourceTree = "<group>";
		};
/* End PBXGroup section */

/* Begin PBXNativeTarget section */
		0A97E20F19DDA1F9000DBEF9 /* ShoeConverter */ = {
			isa = PBXNativeTarget;
			buildConfigurationList = 0A97E22F19DDA1F9000DBEF9 /* Build configuration list for PBXNativeTarget "ShoeConverter" */;
			buildPhases = (
				0A97E20C19DDA1F9000DBEF9 /* Sources */,
				0A97E20D19DDA1F9000DBEF9 /* Frameworks */,
				0A97E20E19DDA1F9000DBEF9 /* Resources */,
			);
			buildRules = (
			);
			dependencies = (
			);
			name = ShoeConverter;
			productName = ShoeConverter;
			productReference = 0A97E21019DDA1F9000DBEF9 /* ShoeConverter.app */;
			productType = "com.apple.product-type.application";
		};
		0A97E22419DDA1F9000DBEF9 /* ShoeConverterTests */ = {
			isa = PBXNativeTarget;
			buildConfigurationList = 0A97E23219DDA1F9000DBEF9 /* Build configuration list for PBXNativeTarget "ShoeConverterTests" */;
			buildPhases = (
				0A97E22119DDA1F9000DBEF9 /* Sources */,
				0A97E22219DDA1F9000DBEF9 /* Frameworks */,
				0A97E22319DDA1F9000DBEF9 /* Resources */,
			);
			buildRules = (
			);
			dependencies = (
				0A97E22719DDA1F9000DBEF9 /* PBXTargetDependency */,
			);
			name = ShoeConverterTests;
			productName = ShoeConverterTests;
			productReference = 0A97E22519DDA1F9000DBEF9 /* ShoeConverterTests.xctest */;
			productType = "com.apple.product-type.bundle.unit-test";
		};
/* End PBXNativeTarget section */

/* Begin PBXProject section */
		0A97E20819DDA1F9000DBEF9 /* Project object */ = {
			isa = PBXProject;
			attributes = {
				LastUpgradeCheck = 0600;
				ORGANIZATIONNAME = "Hans Sterken";
				TargetAttributes = {
					0A97E20F19DDA1F9000DBEF9 = {
						CreatedOnToolsVersion = 6.0.1;
					};
					0A97E22419DDA1F9000DBEF9 = {
						CreatedOnToolsVersion = 6.0.1;
						TestTargetID = 0A97E20F19DDA1F9000DBEF9;
					};
				};
			};
			buildConfigurationList = 0A97E20B19DDA1F9000DBEF9 /* Build configuration list for PBXProject "ShoeConverter" */;
			compatibilityVersion = "Xcode 3.2";
			developmentRegion = English;
			hasScannedForEncodings = 0;
			knownRegions = (
				en,
				Base,
			);
			mainGroup = 0A97E20719DDA1F9000DBEF9;
			productRefGroup = 0A97E21119DDA1F9000DBEF9 /* Products */;
			projectDirPath = "";
			projectRoot = "";
			targets = (
				0A97E20F19DDA1F9000DBEF9 /* ShoeConverter */,
				0A97E22419DDA1F9000DBEF9 /* ShoeConverterTests */,
			);
		};
/* End PBXProject section */

/* Begin PBXResourcesBuildPhase section */
		0A97E20E19DDA1F9000DBEF9 /* Resources */ = {
			isa = PBXResourcesBuildPhase;
			buildActionMask = 2147483647;
			files = (
				0A97E21B19DDA1F9000DBEF9 /* Main.storyboard in Resources */,
				0A97E22019DDA1F9000DBEF9 /* LaunchScreen.xib in Resources */,
				0A97E21D19DDA1F9000DBEF9 /* Images.xcassets in Resources */,
			);
			runOnlyForDeploymentPostprocessing = 0;
		};
		0A97E22319DDA1F9000DBEF9 /* Resources */ = {
			isa = PBXResourcesBuildPhase;
			buildActionMask = 2147483647;
			files = (
			);
			runOnlyForDeploymentPostprocessing = 0;
		};
/* End PBXResourcesBuildPhase section */

/* Begin PBXSourcesBuildPhase section */
		0A97E20C19DDA1F9000DBEF9 /* Sources */ = {
			isa = PBXSourcesBuildPhase;
			buildActionMask = 2147483647;
			files = (
				0A97E21819DDA1F9000DBEF9 /* ViewController.swift in Sources */,
				0A97E21619DDA1F9000DBEF9 /* AppDelegate.swift in Sources */,
			);
			runOnlyForDeploymentPostprocessing = 0;
		};
		0A97E22119DDA1F9000DBEF9 /* Sources */ = {
			isa = PBXSourcesBuildPhase;
			buildActionMask = 2147483647;
			files = (
				0A97E22C19DDA1F9000DBEF9 /* ShoeConverterTests.swift in Sources */,
			);
			runOnlyForDeploymentPostprocessing = 0;
		};
/* End PBXSourcesBuildPhase section */

/* Begin PBXTargetDependency section */
		0A97E22719DDA1F9000DBEF9 /* PBXTargetDependency */ = {
			isa = PBXTargetDependency;
			target = 0A97E20F19DDA1F9000DBEF9 /* ShoeConverter */;
			targetProxy = 0A97E22619DDA1F9000DBEF9 /* PBXContainerItemProxy */;
		};
/* End PBXTargetDependency section */

/* Begin PBXVariantGroup section */
		0A97E21919DDA1F9000DBEF9 /* Main.storyboard */ = {
			isa = PBXVariantGroup;
			children = (
				0A97E21A19DDA1F9000DBEF9 /* Base */,
			);
			name = Main.storyboard;
			sourceTree = "<group>";
		};
		0A97E21E19DDA1F9000DBEF9 /* LaunchScreen.xib */ = {
			isa = PBXVariantGroup;
			children = (
				0A97E21F19DDA1F9000DBEF9 /* Base */,
			);
			name = LaunchScreen.xib;
			sourceTree = "<group>";
		};
/* End PBXVariantGroup section */

/* Begin XCBuildConfiguration section */
		0A97E22D19DDA1F9000DBEF9 /* Debug */ = {
			isa = XCBuildConfiguration;
			buildSettings = {
				ALWAYS_SEARCH_USER_PATHS = NO;
				CLANG_CXX_LANGUAGE_STANDARD = "gnu++0x";
				CLANG_CXX_LIBRARY = "libc++";
				CLANG_ENABLE_MODULES = YES;
				CLANG_ENABLE_OBJC_ARC = YES;
				CLANG_WARN_BOOL_CONVERSION = YES;
				CLANG_WARN_CONSTANT_CONVERSION = YES;
				CLANG_WARN_DIRECT_OBJC_ISA_USAGE = YES_ERROR;
				CLANG_WARN_EMPTY_BODY = YES;
				CLANG_WARN_ENUM_CONVERSION = YES;
				CLANG_WARN_INT_CONVERSION = YES;
				CLANG_WARN_OBJC_ROOT_CLASS = YES_ERROR;
				CLANG_WARN_UNREACHABLE_CODE = YES;
				CLANG_WARN__DUPLICATE_METHOD_MATCH = YES;
				"CODE_SIGN_IDENTITY[sdk=iphoneos*]" = "iPhone Developer";
				COPY_PHASE_STRIP = NO;
				ENABLE_STRICT_OBJC_MSGSEND = YES;
				GCC_C_LANGUAGE_STANDARD = gnu99;
				GCC_DYNAMIC_NO_PIC = NO;
				GCC_OPTIMIZATION_LEVEL = 0;
				GCC_PREPROCESSOR_DEFINITIONS = (
					"DEBUG=1",
					"$(inherited)",
				);
				GCC_SYMBOLS_PRIVATE_EXTERN = NO;
				GCC_WARN_64_TO_32_BIT_CONVERSION = YES;
				GCC_WARN_ABOUT_RETURN_TYPE = YES_ERROR;
				GCC_WARN_UNDECLARED_SELECTOR = YES;
				GCC_WARN_UNINITIALIZED_AUTOS = YES_AGGRESSIVE;
				GCC_WARN_UNUSED_FUNCTION = YES;
				GCC_WARN_UNUSED_VARIABLE = YES;
				IPHONEOS_DEPLOYMENT_TARGET = 8.0;
				MTL_ENABLE_DEBUG_INFO = YES;
				ONLY_ACTIVE_ARCH = YES;
				SDKROOT = iphoneos;
				SWIFT_OPTIMIZATION_LEVEL = "-Onone";
				TARGETED_DEVICE_FAMILY = "1,2";
			};
			name = Debug;
		};
		0A97E22E19DDA1F9000DBEF9 /* Release */ = {
			isa = XCBuildConfiguration;
			buildSettings = {
				ALWAYS_SEARCH_USER_PATHS = NO;
				CLANG_CXX_LANGUAGE_STANDARD = "gnu++0x";
				CLANG_CXX_LIBRARY = "libc++";
				CLANG_ENABLE_MODULES = YES;
				CLANG_ENABLE_OBJC_ARC = YES;
				CLANG_WARN_BOOL_CONVERSION = YES;
				CLANG_WARN_CONSTANT_CONVERSION = YES;
				CLANG_WARN_DIRECT_OBJC_ISA_USAGE = YES_ERROR;
				CLANG_WARN_EMPTY_BODY = YES;
				CLANG_WARN_ENUM_CONVERSION = YES;
				CLANG_WARN_INT_CONVERSION = YES;
				CLANG_WARN_OBJC_ROOT_CLASS = YES_ERROR;
				CLANG_WARN_UNREACHABLE_CODE = YES;
				CLANG_WARN__DUPLICATE_METHOD_MATCH = YES;
				"CODE_SIGN_IDENTITY[sdk=iphoneos*]" = "iPhone Developer";
				COPY_PHASE_STRIP = YES;
				ENABLE_NS_ASSERTIONS = NO;
				ENABLE_STRICT_OBJC_MSGSEND = YES;
				GCC_C_LANGUAGE_STANDARD = gnu99;
				GCC_WARN_64_TO_32_BIT_CONVERSION = YES;
				GCC_WARN_ABOUT_RETURN_TYPE = YES_ERROR;
				GCC_WARN_UNDECLARED_SELECTOR = YES;
				GCC_WARN_UNINITIALIZED_AUTOS = YES_AGGRESSIVE;
				GCC_WARN_UNUSED_FUNCTION = YES;
				GCC_WARN_UNUSED_VARIABLE = YES;
				IPHONEOS_DEPLOYMENT_TARGET = 8.0;
				MTL_ENABLE_DEBUG_INFO = NO;
				SDKROOT = iphoneos;
				TARGETED_DEVICE_FAMILY = "1,2";
				VALIDATE_PRODUCT = YES;
			};
			name = Release;
		};
		0A97E23019DDA1F9000DBEF9 /* Debug */ = {
			isa = XCBuildConfiguration;
			buildSettings = {
				ASSETCATALOG_COMPILER_APPICON_NAME = AppIcon;
				INFOPLIST_FILE = ShoeConverter/Info.plist;
				LD_RUNPATH_SEARCH_PATHS = "$(inherited) @executable_path/Frameworks";
				PRODUCT_NAME = "$(TARGET_NAME)";
			};
			name = Debug;
		};
		0A97E23119DDA1F9000DBEF9 /* Release */ = {
			isa = XCBuildConfiguration;
			buildSettings = {
				ASSETCATALOG_COMPILER_APPICON_NAME = AppIcon;
				INFOPLIST_FILE = ShoeConverter/Info.plist;
				LD_RUNPATH_SEARCH_PATHS = "$(inherited) @executable_path/Frameworks";
				PRODUCT_NAME = "$(TARGET_NAME)";
			};
			name = Release;
		};
		0A97E23319DDA1F9000DBEF9 /* Debug */ = {
			isa = XCBuildConfiguration;
			buildSettings = {
				BUNDLE_LOADER = "$(TEST_HOST)";
				FRAMEWORK_SEARCH_PATHS = (
					"$(SDKROOT)/Developer/Library/Frameworks",
					"$(inherited)",
				);
				GCC_PREPROCESSOR_DEFINITIONS = (
					"DEBUG=1",
					"$(inherited)",
				);
				INFOPLIST_FILE = ShoeConverterTests/Info.plist;
				LD_RUNPATH_SEARCH_PATHS = "$(inherited) @executable_path/Frameworks @loader_path/Frameworks";
				PRODUCT_NAME = "$(TARGET_NAME)";
				TEST_HOST = "$(BUILT_PRODUCTS_DIR)/ShoeConverter.app/ShoeConverter";
			};
			name = Debug;
		};
		0A97E23419DDA1F9000DBEF9 /* Release */ = {
			isa = XCBuildConfiguration;
			buildSettings = {
				BUNDLE_LOADER = "$(TEST_HOST)";
				FRAMEWORK_SEARCH_PATHS = (
					"$(SDKROOT)/Developer/Library/Frameworks",
					"$(inherited)",
				);
				INFOPLIST_FILE = ShoeConverterTests/Info.plist;
				LD_RUNPATH_SEARCH_PATHS = "$(inherited) @executable_path/Frameworks @loader_path/Frameworks";
				PRODUCT_NAME = "$(TARGET_NAME)";
				TEST_HOST = "$(BUILT_PRODUCTS_DIR)/ShoeConverter.app/ShoeConverter";
			};
			name = Release;
		};
/* End XCBuildConfiguration section */

/* Begin XCConfigurationList section */
		0A97E20B19DDA1F9000DBEF9 /* Build configuration list for PBXProject "ShoeConverter" */ = {
			isa = XCConfigurationList;
			buildConfigurations = (
				0A97E22D19DDA1F9000DBEF9 /* Debug */,
				0A97E22E19DDA1F9000DBEF9 /* Release */,
			);
			defaultConfigurationIsVisible = 0;
			defaultConfigurationName = Release;
		};
		0A97E22F19DDA1F9000DBEF9 /* Build configuration list for PBXNativeTarget "ShoeConverter" */ = {
			isa = XCConfigurationList;
			buildConfigurations = (
				0A97E23019DDA1F9000DBEF9 /* Debug */,
				0A97E23119DDA1F9000DBEF9 /* Release */,
			);
			defaultConfigurationIsVisible = 0;
		};
		0A97E23219DDA1F9000DBEF9 /* Build configuration list for PBXNativeTarget "ShoeConverterTests" */ = {
			isa = XCConfigurationList;
			buildConfigurations = (
				0A97E23319DDA1F9000DBEF9 /* Debug */,
				0A97E23419DDA1F9000DBEF9 /* Release */,
			);
			defaultConfigurationIsVisible = 0;
		};
/* End XCConfigurationList section */
	};
	rootObject = 0A97E20819DDA1F9000DBEF9 /* Project object */;
}
